
Microsoft Visual Studio Solution File, Format Version 11.00
# Visual Studio 2010
Project("{FAE04EC0-301F-11D3-BF4B-00C04F79EFBC}") = "chord.ws.tests", "chord.ws.tests\chord.ws.tests.csproj", "{3A2DA577-3FC2-4A69-9F8C-4A39D6F6E4CC}"
EndProject
Project("{FAE04EC0-301F-11D3-BF4B-00C04F79EFBC}") = "chord.ws", "chord.ws\chord.ws.csproj", "{A98E3C12-0600-4FBA-A0B1-EC45ACFB2DCD}"
EndProject
Global
	GlobalSection(SolutionConfigurationPlatforms) = preSolution
		Debug|Any CPU = Debug|Any CPU
		Release|Any CPU = Release|Any CPU
	EndGlobalSection
	GlobalSection(ProjectConfigurationPlatforms) = postSolution
		{3A2DA577-3FC2-4A69-9F8C-4A39D6F6E4CC}.Debug|Any CPU.ActiveCfg = Debug|Any CPU
		{3A2DA577-3FC2-4A69-9F8C-4A39D6F6E4CC}.Debug|Any CPU.Build.0 = Debug|Any CPU
		{3A2DA577-3FC2-4A69-9F8C-4A39D6F6E4CC}.Release|Any CPU.ActiveCfg = Release|Any CPU
		{3A2DA577-3FC2-4A69-9F8C-4A39D6F6E4CC}.Release|Any CPU.Build.0 = Release|Any CPU
		{A98E3C12-0600-4FBA-A0B1-EC45ACFB2DCD}.Debug|Any CPU.ActiveCfg = Debug|Any CPU
		{A98E3C12-0600-4FBA-A0B1-EC45ACFB2DCD}.Debug|Any CPU.Build.0 = Debug|Any CPU
		{A98E3C12-0600-4FBA-A0B1-EC45ACFB2DCD}.Release|Any CPU.ActiveCfg = Release|Any CPU
		{A98E3C12-0600-4FBA-A0B1-EC45ACFB2DCD}.Release|Any CPU.Build.0 = Release|Any CPU
	EndGlobalSection
	GlobalSection(SolutionProperties) = preSolution
		HideSolutionNode = FALSE
	EndGlobalSection
EndGlobal
